schema: '2.0'
stages:
  data_ingestion:
    cmd: python src/data_ingestion.py
    deps:
    - path: src/data_ingestion.py
      hash: md5
      md5: 53ba461066d354958f1ed6b28165c933
      size: 3475
    params:
      params.yaml:
        data_ingestion.test_size: 0.2
    outs:
    - path: data/raw
      hash: md5
      md5: 0be8386ecbff5142edd02035a00db8cc.dir
      size: 484846
      nfiles: 2
  data_preprocessing:
    cmd: python src/data_preprocessing.py
    deps:
    - path: data/raw
      hash: md5
      md5: 0be8386ecbff5142edd02035a00db8cc.dir
      size: 484846
      nfiles: 2
    - path: src/data_preprocessing.py
      hash: md5
      md5: d86d3142dd0d2f0b4b5a57cbec7ee9c9
      size: 3333
    outs:
    - path: data/interim
      hash: md5
      md5: 268386df80316aa679d91b9e84e037a6.dir
      size: 373898
      nfiles: 2
  feature_engineering:
    cmd: python src/feature_engineering.py
    deps:
    - path: data/interim
      hash: md5
      md5: 268386df80316aa679d91b9e84e037a6.dir
      size: 373898
      nfiles: 2
    - path: src/feature_engineering.py
      hash: md5
      md5: 23e8b486355c8ac99cc829632c842f51
      size: 3914
    params:
      params.yaml:
        feature_engineering.max_features: 35
    outs:
    - path: data/processed
      hash: md5
      md5: f46160687485ac7eb4077683050b8ab2.dir
      size: 1198544
      nfiles: 2
  model_building:
    cmd: python src/model_building.py
    deps:
    - path: data/processed
      hash: md5
      md5: f46160687485ac7eb4077683050b8ab2.dir
      size: 1198544
      nfiles: 2
    - path: src/model_building.py
      hash: md5
      md5: bcae448a0318df2b25d41036fff599ca
      size: 4332
    params:
      params.yaml:
        model_building.n_estimators: 22
        model_building.random_state: 2
    outs:
    - path: models/model.pkl
      hash: md5
      md5: 23473827a7e5a5b46e4760c759b86d36
      size: 518015
  model_evaluation:
    cmd: python src/model_evaluation.py
    deps:
    - path: models/model.pkl
      hash: md5
      md5: 23473827a7e5a5b46e4760c759b86d36
      size: 518015
    - path: src/model_evaluation.py
      hash: md5
      md5: 4be0deb99652b1922d59cdf2648c8189
      size: 4699
    outs:
    - path: reports/metrics.json
      hash: md5
      md5: 19f5d8a38a8d53355c266763e57d1008
      size: 131
